
Microsoft Visual Studio Solution File, Format Version 12.00
# Visual Studio Version 17
VisualStudioVersion = 17.5.002.0
MinimumVisualStudioVersion = 10.0.40219.1
Project("{9A19103F-16F7-4668-BE54-9A1E7A4F7556}") = "FileSystem", "FileSystem.csproj", "{35806B44-CD0F-4470-9306-2E3F57D12CFA}"
EndProject
Global
	GlobalSection(SolutionConfigurationPlatforms) = preSolution
		Debug|Any CPU = Debug|Any CPU
		Release|Any CPU = Release|Any CPU
	EndGlobalSection
	GlobalSection(ProjectConfigurationPlatforms) = postSolution
		{35806B44-CD0F-4470-9306-2E3F57D12CFA}.Debug|Any CPU.ActiveCfg = Debug|Any CPU
		{35806B44-CD0F-4470-9306-2E3F57D12CFA}.Debug|Any CPU.Build.0 = Debug|Any CPU
		{35806B44-CD0F-4470-9306-2E3F57D12CFA}.Release|Any CPU.ActiveCfg = Release|Any CPU
		{35806B44-CD0F-4470-9306-2E3F57D12CFA}.Release|Any CPU.Build.0 = Release|Any CPU
	EndGlobalSection
	GlobalSection(SolutionProperties) = preSolution
		HideSolutionNode = FALSE
	EndGlobalSection
	GlobalSection(ExtensibilityGlobals) = postSolution
		SolutionGuid = {42903817-EC22-4351-B8B3-A79E24E3F6A9}
	EndGlobalSection
EndGlobal
